
Microsoft Visual Studio Solution File, Format Version 12.00
# Visual Studio 15
VisualStudioVersion = 15.0.27130.0
MinimumVisualStudioVersion = 10.0.40219.1
Project("{FAE04EC0-301F-11D3-BF4B-00C04F79EFBC}") = "MiniInstagramWithAuth", "MiniInstagramWithAuth\MiniInstagramWithAuth.csproj", "{CF873A47-55CA-4398-B336-0D93724C8992}"
EndProject
Global
	GlobalSection(SolutionConfigurationPlatforms) = preSolution
		Debug|Any CPU = Debug|Any CPU
		Release|Any CPU = Release|Any CPU
	EndGlobalSection
	GlobalSection(ProjectConfigurationPlatforms) = postSolution
		{CF873A47-55CA-4398-B336-0D93724C8992}.Debug|Any CPU.ActiveCfg = Debug|Any CPU
		{CF873A47-55CA-4398-B336-0D93724C8992}.Debug|Any CPU.Build.0 = Debug|Any CPU
		{CF873A47-55CA-4398-B336-0D93724C8992}.Release|Any CPU.ActiveCfg = Release|Any CPU
		{CF873A47-55CA-4398-B336-0D93724C8992}.Release|Any CPU.Build.0 = Release|Any CPU
	EndGlobalSection
	GlobalSection(SolutionProperties) = preSolution
		HideSolutionNode = FALSE
	EndGlobalSection
	GlobalSection(ExtensibilityGlobals) = postSolution
		SolutionGuid = {A7150A47-C857-478C-80BB-7FD26F624487}
	EndGlobalSection
EndGlobal
